speakeasyVersion: 1.650.0
sources:
    Authlete API Explorer:
        sourceNamespace: authlete-api-explorer
        sourceRevisionDigest: sha256:28ae2da57b033ea66508c20aca47e25a7c6acef3b01c85a38e8aa6e5165d08fe
        sourceBlobDigest: sha256:efbd9e79db96c6021b3ad8e6f714e5859249ad73b4ec13bd8c662db2948ca2b4
        tags:
            - latest
            - speakeasy-sdk-regen-1762516158
            - 3.0.16
targets:
    authlete:
        source: Authlete API Explorer
        sourceNamespace: authlete-api-explorer
        sourceRevisionDigest: sha256:28ae2da57b033ea66508c20aca47e25a7c6acef3b01c85a38e8aa6e5165d08fe
        sourceBlobDigest: sha256:efbd9e79db96c6021b3ad8e6f714e5859249ad73b4ec13bd8c662db2948ca2b4
        codeSamplesNamespace: authlete-api-explorer-typescript-code-samples
        codeSamplesRevisionDigest: sha256:7202b8564e5b5cc093670d5c7c9c5bd83fe49b34b74b7250a2ed2453d83a8736
workflow:
    workflowVersion: 1.0.0
    speakeasyVersion: latest
    sources:
        Authlete API Explorer:
            inputs:
                - location: https://raw.githubusercontent.com/authlete/openapi/refs/heads/main/spec.yaml
            overlays:
                - location: .speakeasy/speakeasy-modifications-overlay.yaml
            output: .speakeasy/out.openapi.yaml
            registry:
                location: registry.speakeasyapi.dev/authlete/sdk-workspace/authlete-api-explorer
    targets:
        authlete:
            target: typescript
            source: Authlete API Explorer
            publish:
                npm:
                    token: $npm_token
            codeSamples:
                registry:
                    location: registry.speakeasyapi.dev/authlete/sdk-workspace/authlete-api-explorer-typescript-code-samples
                labelOverride:
                    fixedValue: Typescript (SDK)
                blocking: false
