speakeasyVersion: 1.654.0
sources:
    Authlete API Explorer:
        sourceNamespace: authlete-api-explorer
        sourceRevisionDigest: sha256:5a76a2ea203cb10225fdc8fae77aa25c721a2a8bb2b705a60245f171b91cb045
        sourceBlobDigest: sha256:113fcae72544d0e7e9d9465e14f95808d43cb471713150c64158aacad69f8c8f
        tags:
            - latest
            - speakeasy-sdk-regen-1762306881
            - 3.0.15
targets:
    authlete-test:
        source: Authlete API Explorer
        sourceNamespace: authlete-api-explorer
        sourceRevisionDigest: sha256:5a76a2ea203cb10225fdc8fae77aa25c721a2a8bb2b705a60245f171b91cb045
        sourceBlobDigest: sha256:113fcae72544d0e7e9d9465e14f95808d43cb471713150c64158aacad69f8c8f
        codeSamplesNamespace: authlete-api-explorer-typescript-code-samples
        codeSamplesRevisionDigest: sha256:353107fc162c75c6a7a6f915cf87270e9c2d15569426176b2d55c1f1426f1a08
workflow:
    workflowVersion: 1.0.0
    speakeasyVersion: latest
    sources:
        Authlete API Explorer:
            inputs:
                - location: .speakeasy/authlete-api-with-examples.yaml
            overlays:
                - location: .speakeasy/speakeasy-modifications-overlay.yaml
            output: .speakeasy/out.openapi.yaml
            registry:
                location: registry.speakeasyapi.dev/authlete/sdk-workspace/authlete-api-explorer
    targets:
        authlete-test:
            target: typescript
            source: Authlete API Explorer
            publish:
                npm:
                    token: $npm_token
            codeSamples:
                registry:
                    location: registry.speakeasyapi.dev/authlete/sdk-workspace/authlete-api-explorer-typescript-code-samples
                labelOverride:
                    fixedValue: Typescript (SDK)
                blocking: false
