speakeasyVersion: 1.642.2
sources:
    Authlete API Explorer:
        sourceNamespace: authlete-api-explorer
        sourceRevisionDigest: sha256:b44b564cd209e051a8282e1dd499178ef0756dad035a8f06187f51b710a3657a
        sourceBlobDigest: sha256:ee66aa220e859a4d4abe9289eabbe776261a52cf6e55563df2cf0a9fd30f9376
        tags:
            - latest
            - speakeasy-sdk-regen-1761808507
            - 3.0.15
targets:
    authlete-test:
        source: Authlete API Explorer
        sourceNamespace: authlete-api-explorer
        sourceRevisionDigest: sha256:b44b564cd209e051a8282e1dd499178ef0756dad035a8f06187f51b710a3657a
        sourceBlobDigest: sha256:ee66aa220e859a4d4abe9289eabbe776261a52cf6e55563df2cf0a9fd30f9376
        codeSamplesNamespace: authlete-api-explorer-typescript-code-samples
        codeSamplesRevisionDigest: sha256:c21c53445de4955afa855f781209b31d3d873280e4b2422ad78f98b96fc7ceb3
workflow:
    workflowVersion: 1.0.0
    speakeasyVersion: latest
    sources:
        Authlete API Explorer:
            inputs:
                - location: .speakeasy/authlete-api-with-examples.yaml
            overlays:
                - location: .speakeasy/speakeasy-modifications-overlay.yaml
            output: .speakeasy/out.openapi.yaml
            registry:
                location: registry.speakeasyapi.dev/authlete/sdk-workspace/authlete-api-explorer
    targets:
        authlete-test:
            target: typescript
            source: Authlete API Explorer
            publish:
                npm:
                    token: $npm_token
            codeSamples:
                registry:
                    location: registry.speakeasyapi.dev/authlete/sdk-workspace/authlete-api-explorer-typescript-code-samples
                labelOverride:
                    fixedValue: Typescript (SDK)
                blocking: false
